
Microsoft Visual Studio Solution File, Format Version 12.00
# Visual Studio 15
VisualStudioVersion = 15.0.27130.2027
MinimumVisualStudioVersion = 10.0.40219.1
Project("{9A19103F-16F7-4668-BE54-9A1E7A4F7556}") = "01.OddNumbers", "01.OddNumbers\01.OddNumbers.csproj", "{1A148E25-A582-4E3A-89CE-1965F4152538}"
EndProject
Project("{9A19103F-16F7-4668-BE54-9A1E7A4F7556}") = "02.AverageStudentGrades", "02.AverageStudentGrades\02.AverageStudentGrades.csproj", "{3C9A9F2D-2307-4FAC-B39B-C4C32B935F13}"
EndProject
Project("{9A19103F-16F7-4668-BE54-9A1E7A4F7556}") = "03.CitiesByContinentAndCountry", "03.CitiesByContinentAndCountry\03.CitiesByContinentAndCountry.csproj", "{235EF55C-3179-4662-92BC-82B23C196BC6}"
EndProject
Project("{FAE04EC0-301F-11D3-BF4B-00C04F79EFBC}") = "04.SumMinMaxAverage", "04.SumMinMaxAverage\04.SumMinMaxAverage.csproj", "{64F2E07F-43FD-49E3-A8EA-A4E89D792C02}"
EndProject
Project("{FAE04EC0-301F-11D3-BF4B-00C04F79EFBC}") = "05.Largest3Numbers", "05.Largest3Numbers\05.Largest3Numbers.csproj", "{C7A31F78-CFA0-443D-85CC-5ED28E938582}"
EndProject
Project("{FAE04EC0-301F-11D3-BF4B-00C04F79EFBC}") = "06.FoldAndSum", "06.FoldAndSum\06.FoldAndSum.csproj", "{B4284266-E6D3-4297-8581-5BC7A9EB0382}"
EndProject
Global
	GlobalSection(SolutionConfigurationPlatforms) = preSolution
		Debug|Any CPU = Debug|Any CPU
		Release|Any CPU = Release|Any CPU
	EndGlobalSection
	GlobalSection(ProjectConfigurationPlatforms) = postSolution
		{1A148E25-A582-4E3A-89CE-1965F4152538}.Debug|Any CPU.ActiveCfg = Debug|Any CPU
		{1A148E25-A582-4E3A-89CE-1965F4152538}.Debug|Any CPU.Build.0 = Debug|Any CPU
		{1A148E25-A582-4E3A-89CE-1965F4152538}.Release|Any CPU.ActiveCfg = Release|Any CPU
		{1A148E25-A582-4E3A-89CE-1965F4152538}.Release|Any CPU.Build.0 = Release|Any CPU
		{3C9A9F2D-2307-4FAC-B39B-C4C32B935F13}.Debug|Any CPU.ActiveCfg = Debug|Any CPU
		{3C9A9F2D-2307-4FAC-B39B-C4C32B935F13}.Debug|Any CPU.Build.0 = Debug|Any CPU
		{3C9A9F2D-2307-4FAC-B39B-C4C32B935F13}.Release|Any CPU.ActiveCfg = Release|Any CPU
		{3C9A9F2D-2307-4FAC-B39B-C4C32B935F13}.Release|Any CPU.Build.0 = Release|Any CPU
		{235EF55C-3179-4662-92BC-82B23C196BC6}.Debug|Any CPU.ActiveCfg = Debug|Any CPU
		{235EF55C-3179-4662-92BC-82B23C196BC6}.Debug|Any CPU.Build.0 = Debug|Any CPU
		{235EF55C-3179-4662-92BC-82B23C196BC6}.Release|Any CPU.ActiveCfg = Release|Any CPU
		{235EF55C-3179-4662-92BC-82B23C196BC6}.Release|Any CPU.Build.0 = Release|Any CPU
		{64F2E07F-43FD-49E3-A8EA-A4E89D792C02}.Debug|Any CPU.ActiveCfg = Debug|Any CPU
		{64F2E07F-43FD-49E3-A8EA-A4E89D792C02}.Debug|Any CPU.Build.0 = Debug|Any CPU
		{64F2E07F-43FD-49E3-A8EA-A4E89D792C02}.Release|Any CPU.ActiveCfg = Release|Any CPU
		{64F2E07F-43FD-49E3-A8EA-A4E89D792C02}.Release|Any CPU.Build.0 = Release|Any CPU
		{C7A31F78-CFA0-443D-85CC-5ED28E938582}.Debug|Any CPU.ActiveCfg = Debug|Any CPU
		{C7A31F78-CFA0-443D-85CC-5ED28E938582}.Debug|Any CPU.Build.0 = Debug|Any CPU
		{C7A31F78-CFA0-443D-85CC-5ED28E938582}.Release|Any CPU.ActiveCfg = Release|Any CPU
		{C7A31F78-CFA0-443D-85CC-5ED28E938582}.Release|Any CPU.Build.0 = Release|Any CPU
		{B4284266-E6D3-4297-8581-5BC7A9EB0382}.Debug|Any CPU.ActiveCfg = Debug|Any CPU
		{B4284266-E6D3-4297-8581-5BC7A9EB0382}.Debug|Any CPU.Build.0 = Debug|Any CPU
		{B4284266-E6D3-4297-8581-5BC7A9EB0382}.Release|Any CPU.ActiveCfg = Release|Any CPU
		{B4284266-E6D3-4297-8581-5BC7A9EB0382}.Release|Any CPU.Build.0 = Release|Any CPU
	EndGlobalSection
	GlobalSection(SolutionProperties) = preSolution
		HideSolutionNode = FALSE
	EndGlobalSection
	GlobalSection(ExtensibilityGlobals) = postSolution
		SolutionGuid = {51310F2E-86E8-44C2-91D4-F10E7C11D57E}
	EndGlobalSection
EndGlobal
