
Microsoft Visual Studio Solution File, Format Version 12.00
# Visual Studio 15
VisualStudioVersion = 15.0.27130.2024
MinimumVisualStudioVersion = 10.0.40219.1
Project("{FAE04EC0-301F-11D3-BF4B-00C04F79EFBC}") = "01.AnonymousDownsite", "01.AnonymousDownsite\01.AnonymousDownsite.csproj", "{6CA002A4-4241-46E4-ABCE-E129BEB1E732}"
EndProject
Project("{FAE04EC0-301F-11D3-BF4B-00C04F79EFBC}") = "02.HornetWings", "02.HornetWings\02.HornetWings.csproj", "{DADF33CB-A07E-4721-817B-3A2D38C8E9F7}"
EndProject
Project("{FAE04EC0-301F-11D3-BF4B-00C04F79EFBC}") = "03.Pokemon", "03.Pokemon\03.Pokemon.csproj", "{2BE04501-18B1-4D60-B1C8-562E5ED3D251}"
EndProject
Project("{FAE04EC0-301F-11D3-BF4B-00C04F79EFBC}") = "04.Resurrection", "04.Ressurection\04.Resurrection.csproj", "{0E36CCDC-7497-42B2-B495-4504EB358830}"
EndProject
Project("{FAE04EC0-301F-11D3-BF4B-00C04F79EFBC}") = "05.Wormtest", "05.Wormtest\05.Wormtest.csproj", "{2568F818-AEAD-4506-8F1F-E76E0CD748AF}"
EndProject
Global
	GlobalSection(SolutionConfigurationPlatforms) = preSolution
		Debug|Any CPU = Debug|Any CPU
		Release|Any CPU = Release|Any CPU
	EndGlobalSection
	GlobalSection(ProjectConfigurationPlatforms) = postSolution
		{6CA002A4-4241-46E4-ABCE-E129BEB1E732}.Debug|Any CPU.ActiveCfg = Debug|Any CPU
		{6CA002A4-4241-46E4-ABCE-E129BEB1E732}.Debug|Any CPU.Build.0 = Debug|Any CPU
		{6CA002A4-4241-46E4-ABCE-E129BEB1E732}.Release|Any CPU.ActiveCfg = Release|Any CPU
		{6CA002A4-4241-46E4-ABCE-E129BEB1E732}.Release|Any CPU.Build.0 = Release|Any CPU
		{DADF33CB-A07E-4721-817B-3A2D38C8E9F7}.Debug|Any CPU.ActiveCfg = Debug|Any CPU
		{DADF33CB-A07E-4721-817B-3A2D38C8E9F7}.Debug|Any CPU.Build.0 = Debug|Any CPU
		{DADF33CB-A07E-4721-817B-3A2D38C8E9F7}.Release|Any CPU.ActiveCfg = Release|Any CPU
		{DADF33CB-A07E-4721-817B-3A2D38C8E9F7}.Release|Any CPU.Build.0 = Release|Any CPU
		{2BE04501-18B1-4D60-B1C8-562E5ED3D251}.Debug|Any CPU.ActiveCfg = Debug|Any CPU
		{2BE04501-18B1-4D60-B1C8-562E5ED3D251}.Debug|Any CPU.Build.0 = Debug|Any CPU
		{2BE04501-18B1-4D60-B1C8-562E5ED3D251}.Release|Any CPU.ActiveCfg = Release|Any CPU
		{2BE04501-18B1-4D60-B1C8-562E5ED3D251}.Release|Any CPU.Build.0 = Release|Any CPU
		{0E36CCDC-7497-42B2-B495-4504EB358830}.Debug|Any CPU.ActiveCfg = Debug|Any CPU
		{0E36CCDC-7497-42B2-B495-4504EB358830}.Debug|Any CPU.Build.0 = Debug|Any CPU
		{0E36CCDC-7497-42B2-B495-4504EB358830}.Release|Any CPU.ActiveCfg = Release|Any CPU
		{0E36CCDC-7497-42B2-B495-4504EB358830}.Release|Any CPU.Build.0 = Release|Any CPU
		{2568F818-AEAD-4506-8F1F-E76E0CD748AF}.Debug|Any CPU.ActiveCfg = Debug|Any CPU
		{2568F818-AEAD-4506-8F1F-E76E0CD748AF}.Debug|Any CPU.Build.0 = Debug|Any CPU
		{2568F818-AEAD-4506-8F1F-E76E0CD748AF}.Release|Any CPU.ActiveCfg = Release|Any CPU
		{2568F818-AEAD-4506-8F1F-E76E0CD748AF}.Release|Any CPU.Build.0 = Release|Any CPU
	EndGlobalSection
	GlobalSection(SolutionProperties) = preSolution
		HideSolutionNode = FALSE
	EndGlobalSection
	GlobalSection(ExtensibilityGlobals) = postSolution
		SolutionGuid = {34CF8BAD-0455-4993-AE7B-5C4707DD9649}
	EndGlobalSection
EndGlobal
