
Microsoft Visual Studio Solution File, Format Version 12.00
# Visual Studio 15
VisualStudioVersion = 15.0.27130.2027
MinimumVisualStudioVersion = 10.0.40219.1
Project("{9A19103F-16F7-4668-BE54-9A1E7A4F7556}") = "01.CountRealNumbers", "01.CountRealNumbers\01.CountRealNumbers.csproj", "{76F0EB6C-43F9-4D51-B6DD-ADA10C5691FC}"
EndProject
Project("{9A19103F-16F7-4668-BE54-9A1E7A4F7556}") = "02.OddOccurrences", "02.OddOccurrences\02.OddOccurrences.csproj", "{A82C6D07-A9DF-45AF-B7E1-870CE1048BC8}"
EndProject
Project("{9A19103F-16F7-4668-BE54-9A1E7A4F7556}") = "03.SumMinMaxAverage", "03.SumMinMaxAverage\03.SumMinMaxAverage.csproj", "{F0DD9EFE-97FD-48A7-8BFA-4B7E07187AAA}"
EndProject
Project("{FAE04EC0-301F-11D3-BF4B-00C04F79EFBC}") = "04.Largest3Numbers", "04.Largest3Numbers\04.Largest3Numbers.csproj", "{3BA9BA24-0840-413B-924A-A7E0EFD8E7D0}"
EndProject
Project("{FAE04EC0-301F-11D3-BF4B-00C04F79EFBC}") = "05.ShortWordsSorted", "06.ShortWordsSorted\05.ShortWordsSorted.csproj", "{C5CE9C83-4057-4156-ABBB-A67CC9FA9A8A}"
EndProject
Project("{FAE04EC0-301F-11D3-BF4B-00C04F79EFBC}") = "06.FoldAndSum", "06.FoldAndSum\06.FoldAndSum.csproj", "{A9054257-6689-4DCE-91C1-FCAE2B7B23FA}"
EndProject
Global
	GlobalSection(SolutionConfigurationPlatforms) = preSolution
		Debug|Any CPU = Debug|Any CPU
		Release|Any CPU = Release|Any CPU
	EndGlobalSection
	GlobalSection(ProjectConfigurationPlatforms) = postSolution
		{76F0EB6C-43F9-4D51-B6DD-ADA10C5691FC}.Debug|Any CPU.ActiveCfg = Debug|Any CPU
		{76F0EB6C-43F9-4D51-B6DD-ADA10C5691FC}.Debug|Any CPU.Build.0 = Debug|Any CPU
		{76F0EB6C-43F9-4D51-B6DD-ADA10C5691FC}.Release|Any CPU.ActiveCfg = Release|Any CPU
		{76F0EB6C-43F9-4D51-B6DD-ADA10C5691FC}.Release|Any CPU.Build.0 = Release|Any CPU
		{A82C6D07-A9DF-45AF-B7E1-870CE1048BC8}.Debug|Any CPU.ActiveCfg = Debug|Any CPU
		{A82C6D07-A9DF-45AF-B7E1-870CE1048BC8}.Debug|Any CPU.Build.0 = Debug|Any CPU
		{A82C6D07-A9DF-45AF-B7E1-870CE1048BC8}.Release|Any CPU.ActiveCfg = Release|Any CPU
		{A82C6D07-A9DF-45AF-B7E1-870CE1048BC8}.Release|Any CPU.Build.0 = Release|Any CPU
		{F0DD9EFE-97FD-48A7-8BFA-4B7E07187AAA}.Debug|Any CPU.ActiveCfg = Debug|Any CPU
		{F0DD9EFE-97FD-48A7-8BFA-4B7E07187AAA}.Debug|Any CPU.Build.0 = Debug|Any CPU
		{F0DD9EFE-97FD-48A7-8BFA-4B7E07187AAA}.Release|Any CPU.ActiveCfg = Release|Any CPU
		{F0DD9EFE-97FD-48A7-8BFA-4B7E07187AAA}.Release|Any CPU.Build.0 = Release|Any CPU
		{3BA9BA24-0840-413B-924A-A7E0EFD8E7D0}.Debug|Any CPU.ActiveCfg = Debug|Any CPU
		{3BA9BA24-0840-413B-924A-A7E0EFD8E7D0}.Debug|Any CPU.Build.0 = Debug|Any CPU
		{3BA9BA24-0840-413B-924A-A7E0EFD8E7D0}.Release|Any CPU.ActiveCfg = Release|Any CPU
		{3BA9BA24-0840-413B-924A-A7E0EFD8E7D0}.Release|Any CPU.Build.0 = Release|Any CPU
		{C5CE9C83-4057-4156-ABBB-A67CC9FA9A8A}.Debug|Any CPU.ActiveCfg = Debug|Any CPU
		{C5CE9C83-4057-4156-ABBB-A67CC9FA9A8A}.Debug|Any CPU.Build.0 = Debug|Any CPU
		{C5CE9C83-4057-4156-ABBB-A67CC9FA9A8A}.Release|Any CPU.ActiveCfg = Release|Any CPU
		{C5CE9C83-4057-4156-ABBB-A67CC9FA9A8A}.Release|Any CPU.Build.0 = Release|Any CPU
		{A9054257-6689-4DCE-91C1-FCAE2B7B23FA}.Debug|Any CPU.ActiveCfg = Debug|Any CPU
		{A9054257-6689-4DCE-91C1-FCAE2B7B23FA}.Debug|Any CPU.Build.0 = Debug|Any CPU
		{A9054257-6689-4DCE-91C1-FCAE2B7B23FA}.Release|Any CPU.ActiveCfg = Release|Any CPU
		{A9054257-6689-4DCE-91C1-FCAE2B7B23FA}.Release|Any CPU.Build.0 = Release|Any CPU
	EndGlobalSection
	GlobalSection(SolutionProperties) = preSolution
		HideSolutionNode = FALSE
	EndGlobalSection
	GlobalSection(ExtensibilityGlobals) = postSolution
		SolutionGuid = {4F4E54ED-032E-4B26-B291-1A8D4B5CC49B}
	EndGlobalSection
EndGlobal
