
Microsoft Visual Studio Solution File, Format Version 12.00
# Visual Studio 15
VisualStudioVersion = 15.0.27004.2009
MinimumVisualStudioVersion = 10.0.40219.1
Project("{FAE04EC0-301F-11D3-BF4B-00C04F79EFBC}") = "PF CSharp Module", "PF CSharp Module\PF CSharp Module.csproj", "{BA179AE5-9C0D-43B3-A0DB-569651531B70}"
EndProject
Project("{2150E333-8FDC-42A3-9474-1A3956D46DE8}") = "CSharp Intro and Basic Syntax LAB", "CSharp Intro and Basic Syntax LAB", "{AB0E6FF3-83FC-4BB4-AA57-5FEEB3339960}"
EndProject
Project("{FAE04EC0-301F-11D3-BF4B-00C04F79EFBC}") = "01. Greeting", "01. Greeting\01. Greeting.csproj", "{61F1F89C-4C82-4AFC-A41C-5ED53EA9AA73}"
EndProject
Project("{FAE04EC0-301F-11D3-BF4B-00C04F79EFBC}") = "02. Add Two Numbers", "02. Add Two Numbers\02. Add Two Numbers.csproj", "{492C2FE4-91B2-4E41-9740-026227193912}"
EndProject
Project("{FAE04EC0-301F-11D3-BF4B-00C04F79EFBC}") = "03. Employee Data", "03. Employee Data\03. Employee Data.csproj", "{05CD5B49-FF5B-4A03-BEB2-3F7822C9C95A}"
EndProject
Project("{2150E333-8FDC-42A3-9474-1A3956D46DE8}") = "CSharp Intro and Basic Syntax EX", "CSharp Intro and Basic Syntax EX", "{E9D3EC24-6E06-4B3E-9593-EDEE198C8DC5}"
EndProject
Project("{FAE04EC0-301F-11D3-BF4B-00C04F79EFBC}") = "01. Debit Card Number", "01. Debit Card Number\01. Debit Card Number.csproj", "{22D43C9C-B993-4602-9004-FB47084C66F2}"
EndProject
Project("{FAE04EC0-301F-11D3-BF4B-00C04F79EFBC}") = "02. Rectangle Area", "02. Rectangle Area\02. Rectangle Area.csproj", "{C2DCBE4D-8478-426D-B218-5AEEAA75A428}"
EndProject
Project("{FAE04EC0-301F-11D3-BF4B-00C04F79EFBC}") = "03. Miles to Kilometers", "03. Miles to Kilometers\03. Miles to Kilometers.csproj", "{7CBCC45A-1642-4092-B2D0-395E2424740E}"
EndProject
Project("{FAE04EC0-301F-11D3-BF4B-00C04F79EFBC}") = "04. Beverage Labels", "04. Beverage Labels\04. Beverage Labels.csproj", "{4FF4F2AC-8B3F-48FB-B46C-22885EBC385B}"
EndProject
Project("{FAE04EC0-301F-11D3-BF4B-00C04F79EFBC}") = "05. Character Stats", "05. Character Stats\05. Character Stats.csproj", "{104584BA-07E6-4727-8B64-C212452E5695}"
EndProject
Project("{2150E333-8FDC-42A3-9474-1A3956D46DE8}") = "CSharp Conditional Statements and Loops LAB", "CSharp Conditional Statements and Loops LAB", "{4FF3E0A6-D73C-4656-B06C-93655FADFF51}"
EndProject
Project("{FAE04EC0-301F-11D3-BF4B-00C04F79EFBC}") = "01.Passed", "01.Passed\01.Passed.csproj", "{E8940E56-848A-49F0-B509-4D91BA8DA6D8}"
EndProject
Project("{FAE04EC0-301F-11D3-BF4B-00C04F79EFBC}") = "02. Passed and Failed", "02. Passed and Failed\02. Passed and Failed.csproj", "{24E05CCE-763A-4DD2-8803-0239A8323E5F}"
EndProject
Project("{FAE04EC0-301F-11D3-BF4B-00C04F79EFBC}") = "03. Back in 30 Minutes", "03. Back in 30 Minutes\03. Back in 30 Minutes.csproj", "{4652575E-B904-4DEA-91BA-B2479A818FA1}"
EndProject
Project("{FAE04EC0-301F-11D3-BF4B-00C04F79EFBC}") = "04. Month Printer", "04. Month Printer\04. Month Printer.csproj", "{3C487F27-4459-4003-9A54-0D5DF0F860C5}"
EndProject
Project("{FAE04EC0-301F-11D3-BF4B-00C04F79EFBC}") = "05. Foreign Languages", "05. Foreign Languages\05. Foreign Languages.csproj", "{BD8E3D83-31D2-40F0-8586-8968C4E86D75}"
EndProject
Project("{FAE04EC0-301F-11D3-BF4B-00C04F79EFBC}") = "06. Theatre Promotion", "06. Theatre Promotion\06. Theatre Promotion.csproj", "{06A1C744-EAA6-4BC1-BBC4-401635CAD6EC}"
EndProject
Project("{FAE04EC0-301F-11D3-BF4B-00C04F79EFBC}") = "07. Divisible by 3", "07. Divisible by 3\07. Divisible by 3.csproj", "{CC1ACCD8-2AF6-4DE1-9E46-2ACC5F6FFD35}"
EndProject
Project("{FAE04EC0-301F-11D3-BF4B-00C04F79EFBC}") = "08. Sum of Odd Numbers", "08. Sum of Odd Numbers\08. Sum of Odd Numbers.csproj", "{53A14D24-A98B-46BC-844D-013E61D31206}"
EndProject
Project("{FAE04EC0-301F-11D3-BF4B-00C04F79EFBC}") = "09. Multiple Table", "09. Multiple Table\09. Multiple Table.csproj", "{CF41B62A-7DAB-46D7-ABC0-CCC950D3192A}"
EndProject
Project("{FAE04EC0-301F-11D3-BF4B-00C04F79EFBC}") = "10. Multiple Table 2.0", "10. Multiple Table 2.0\10. Multiple Table 2.0.csproj", "{155ABC3B-238F-4286-BCC8-DF8761414B38}"
EndProject
Project("{FAE04EC0-301F-11D3-BF4B-00C04F79EFBC}") = "11. Odd Number", "11. Odd Number\11. Odd Number.csproj", "{7526A95C-E9E3-48E9-8A76-8B8178C7ADAE}"
EndProject
Project("{FAE04EC0-301F-11D3-BF4B-00C04F79EFBC}") = "12. Number Checker", "12. Number Checker\12. Number Checker.csproj", "{A2695079-8805-47FF-BCB1-C8152E147069}"
EndProject
Global
	GlobalSection(SolutionConfigurationPlatforms) = preSolution
		Debug|Any CPU = Debug|Any CPU
		Release|Any CPU = Release|Any CPU
	EndGlobalSection
	GlobalSection(ProjectConfigurationPlatforms) = postSolution
		{BA179AE5-9C0D-43B3-A0DB-569651531B70}.Debug|Any CPU.ActiveCfg = Debug|Any CPU
		{BA179AE5-9C0D-43B3-A0DB-569651531B70}.Debug|Any CPU.Build.0 = Debug|Any CPU
		{BA179AE5-9C0D-43B3-A0DB-569651531B70}.Release|Any CPU.ActiveCfg = Release|Any CPU
		{BA179AE5-9C0D-43B3-A0DB-569651531B70}.Release|Any CPU.Build.0 = Release|Any CPU
		{61F1F89C-4C82-4AFC-A41C-5ED53EA9AA73}.Debug|Any CPU.ActiveCfg = Debug|Any CPU
		{61F1F89C-4C82-4AFC-A41C-5ED53EA9AA73}.Debug|Any CPU.Build.0 = Debug|Any CPU
		{61F1F89C-4C82-4AFC-A41C-5ED53EA9AA73}.Release|Any CPU.ActiveCfg = Release|Any CPU
		{61F1F89C-4C82-4AFC-A41C-5ED53EA9AA73}.Release|Any CPU.Build.0 = Release|Any CPU
		{492C2FE4-91B2-4E41-9740-026227193912}.Debug|Any CPU.ActiveCfg = Debug|Any CPU
		{492C2FE4-91B2-4E41-9740-026227193912}.Debug|Any CPU.Build.0 = Debug|Any CPU
		{492C2FE4-91B2-4E41-9740-026227193912}.Release|Any CPU.ActiveCfg = Release|Any CPU
		{492C2FE4-91B2-4E41-9740-026227193912}.Release|Any CPU.Build.0 = Release|Any CPU
		{05CD5B49-FF5B-4A03-BEB2-3F7822C9C95A}.Debug|Any CPU.ActiveCfg = Debug|Any CPU
		{05CD5B49-FF5B-4A03-BEB2-3F7822C9C95A}.Debug|Any CPU.Build.0 = Debug|Any CPU
		{05CD5B49-FF5B-4A03-BEB2-3F7822C9C95A}.Release|Any CPU.ActiveCfg = Release|Any CPU
		{05CD5B49-FF5B-4A03-BEB2-3F7822C9C95A}.Release|Any CPU.Build.0 = Release|Any CPU
		{22D43C9C-B993-4602-9004-FB47084C66F2}.Debug|Any CPU.ActiveCfg = Debug|Any CPU
		{22D43C9C-B993-4602-9004-FB47084C66F2}.Debug|Any CPU.Build.0 = Debug|Any CPU
		{22D43C9C-B993-4602-9004-FB47084C66F2}.Release|Any CPU.ActiveCfg = Release|Any CPU
		{22D43C9C-B993-4602-9004-FB47084C66F2}.Release|Any CPU.Build.0 = Release|Any CPU
		{C2DCBE4D-8478-426D-B218-5AEEAA75A428}.Debug|Any CPU.ActiveCfg = Debug|Any CPU
		{C2DCBE4D-8478-426D-B218-5AEEAA75A428}.Debug|Any CPU.Build.0 = Debug|Any CPU
		{C2DCBE4D-8478-426D-B218-5AEEAA75A428}.Release|Any CPU.ActiveCfg = Release|Any CPU
		{C2DCBE4D-8478-426D-B218-5AEEAA75A428}.Release|Any CPU.Build.0 = Release|Any CPU
		{7CBCC45A-1642-4092-B2D0-395E2424740E}.Debug|Any CPU.ActiveCfg = Debug|Any CPU
		{7CBCC45A-1642-4092-B2D0-395E2424740E}.Debug|Any CPU.Build.0 = Debug|Any CPU
		{7CBCC45A-1642-4092-B2D0-395E2424740E}.Release|Any CPU.ActiveCfg = Release|Any CPU
		{7CBCC45A-1642-4092-B2D0-395E2424740E}.Release|Any CPU.Build.0 = Release|Any CPU
		{4FF4F2AC-8B3F-48FB-B46C-22885EBC385B}.Debug|Any CPU.ActiveCfg = Debug|Any CPU
		{4FF4F2AC-8B3F-48FB-B46C-22885EBC385B}.Debug|Any CPU.Build.0 = Debug|Any CPU
		{4FF4F2AC-8B3F-48FB-B46C-22885EBC385B}.Release|Any CPU.ActiveCfg = Release|Any CPU
		{4FF4F2AC-8B3F-48FB-B46C-22885EBC385B}.Release|Any CPU.Build.0 = Release|Any CPU
		{104584BA-07E6-4727-8B64-C212452E5695}.Debug|Any CPU.ActiveCfg = Debug|Any CPU
		{104584BA-07E6-4727-8B64-C212452E5695}.Debug|Any CPU.Build.0 = Debug|Any CPU
		{104584BA-07E6-4727-8B64-C212452E5695}.Release|Any CPU.ActiveCfg = Release|Any CPU
		{104584BA-07E6-4727-8B64-C212452E5695}.Release|Any CPU.Build.0 = Release|Any CPU
		{E8940E56-848A-49F0-B509-4D91BA8DA6D8}.Debug|Any CPU.ActiveCfg = Debug|Any CPU
		{E8940E56-848A-49F0-B509-4D91BA8DA6D8}.Debug|Any CPU.Build.0 = Debug|Any CPU
		{E8940E56-848A-49F0-B509-4D91BA8DA6D8}.Release|Any CPU.ActiveCfg = Release|Any CPU
		{E8940E56-848A-49F0-B509-4D91BA8DA6D8}.Release|Any CPU.Build.0 = Release|Any CPU
		{24E05CCE-763A-4DD2-8803-0239A8323E5F}.Debug|Any CPU.ActiveCfg = Debug|Any CPU
		{24E05CCE-763A-4DD2-8803-0239A8323E5F}.Debug|Any CPU.Build.0 = Debug|Any CPU
		{24E05CCE-763A-4DD2-8803-0239A8323E5F}.Release|Any CPU.ActiveCfg = Release|Any CPU
		{24E05CCE-763A-4DD2-8803-0239A8323E5F}.Release|Any CPU.Build.0 = Release|Any CPU
		{4652575E-B904-4DEA-91BA-B2479A818FA1}.Debug|Any CPU.ActiveCfg = Debug|Any CPU
		{4652575E-B904-4DEA-91BA-B2479A818FA1}.Debug|Any CPU.Build.0 = Debug|Any CPU
		{4652575E-B904-4DEA-91BA-B2479A818FA1}.Release|Any CPU.ActiveCfg = Release|Any CPU
		{4652575E-B904-4DEA-91BA-B2479A818FA1}.Release|Any CPU.Build.0 = Release|Any CPU
		{3C487F27-4459-4003-9A54-0D5DF0F860C5}.Debug|Any CPU.ActiveCfg = Debug|Any CPU
		{3C487F27-4459-4003-9A54-0D5DF0F860C5}.Debug|Any CPU.Build.0 = Debug|Any CPU
		{3C487F27-4459-4003-9A54-0D5DF0F860C5}.Release|Any CPU.ActiveCfg = Release|Any CPU
		{3C487F27-4459-4003-9A54-0D5DF0F860C5}.Release|Any CPU.Build.0 = Release|Any CPU
		{BD8E3D83-31D2-40F0-8586-8968C4E86D75}.Debug|Any CPU.ActiveCfg = Debug|Any CPU
		{BD8E3D83-31D2-40F0-8586-8968C4E86D75}.Debug|Any CPU.Build.0 = Debug|Any CPU
		{BD8E3D83-31D2-40F0-8586-8968C4E86D75}.Release|Any CPU.ActiveCfg = Release|Any CPU
		{BD8E3D83-31D2-40F0-8586-8968C4E86D75}.Release|Any CPU.Build.0 = Release|Any CPU
		{06A1C744-EAA6-4BC1-BBC4-401635CAD6EC}.Debug|Any CPU.ActiveCfg = Debug|Any CPU
		{06A1C744-EAA6-4BC1-BBC4-401635CAD6EC}.Debug|Any CPU.Build.0 = Debug|Any CPU
		{06A1C744-EAA6-4BC1-BBC4-401635CAD6EC}.Release|Any CPU.ActiveCfg = Release|Any CPU
		{06A1C744-EAA6-4BC1-BBC4-401635CAD6EC}.Release|Any CPU.Build.0 = Release|Any CPU
		{CC1ACCD8-2AF6-4DE1-9E46-2ACC5F6FFD35}.Debug|Any CPU.ActiveCfg = Debug|Any CPU
		{CC1ACCD8-2AF6-4DE1-9E46-2ACC5F6FFD35}.Debug|Any CPU.Build.0 = Debug|Any CPU
		{CC1ACCD8-2AF6-4DE1-9E46-2ACC5F6FFD35}.Release|Any CPU.ActiveCfg = Release|Any CPU
		{CC1ACCD8-2AF6-4DE1-9E46-2ACC5F6FFD35}.Release|Any CPU.Build.0 = Release|Any CPU
		{53A14D24-A98B-46BC-844D-013E61D31206}.Debug|Any CPU.ActiveCfg = Debug|Any CPU
		{53A14D24-A98B-46BC-844D-013E61D31206}.Debug|Any CPU.Build.0 = Debug|Any CPU
		{53A14D24-A98B-46BC-844D-013E61D31206}.Release|Any CPU.ActiveCfg = Release|Any CPU
		{53A14D24-A98B-46BC-844D-013E61D31206}.Release|Any CPU.Build.0 = Release|Any CPU
		{CF41B62A-7DAB-46D7-ABC0-CCC950D3192A}.Debug|Any CPU.ActiveCfg = Debug|Any CPU
		{CF41B62A-7DAB-46D7-ABC0-CCC950D3192A}.Debug|Any CPU.Build.0 = Debug|Any CPU
		{CF41B62A-7DAB-46D7-ABC0-CCC950D3192A}.Release|Any CPU.ActiveCfg = Release|Any CPU
		{CF41B62A-7DAB-46D7-ABC0-CCC950D3192A}.Release|Any CPU.Build.0 = Release|Any CPU
		{155ABC3B-238F-4286-BCC8-DF8761414B38}.Debug|Any CPU.ActiveCfg = Debug|Any CPU
		{155ABC3B-238F-4286-BCC8-DF8761414B38}.Debug|Any CPU.Build.0 = Debug|Any CPU
		{155ABC3B-238F-4286-BCC8-DF8761414B38}.Release|Any CPU.ActiveCfg = Release|Any CPU
		{155ABC3B-238F-4286-BCC8-DF8761414B38}.Release|Any CPU.Build.0 = Release|Any CPU
		{7526A95C-E9E3-48E9-8A76-8B8178C7ADAE}.Debug|Any CPU.ActiveCfg = Debug|Any CPU
		{7526A95C-E9E3-48E9-8A76-8B8178C7ADAE}.Debug|Any CPU.Build.0 = Debug|Any CPU
		{7526A95C-E9E3-48E9-8A76-8B8178C7ADAE}.Release|Any CPU.ActiveCfg = Release|Any CPU
		{7526A95C-E9E3-48E9-8A76-8B8178C7ADAE}.Release|Any CPU.Build.0 = Release|Any CPU
		{A2695079-8805-47FF-BCB1-C8152E147069}.Debug|Any CPU.ActiveCfg = Debug|Any CPU
		{A2695079-8805-47FF-BCB1-C8152E147069}.Debug|Any CPU.Build.0 = Debug|Any CPU
		{A2695079-8805-47FF-BCB1-C8152E147069}.Release|Any CPU.ActiveCfg = Release|Any CPU
		{A2695079-8805-47FF-BCB1-C8152E147069}.Release|Any CPU.Build.0 = Release|Any CPU
	EndGlobalSection
	GlobalSection(SolutionProperties) = preSolution
		HideSolutionNode = FALSE
	EndGlobalSection
	GlobalSection(NestedProjects) = preSolution
		{61F1F89C-4C82-4AFC-A41C-5ED53EA9AA73} = {AB0E6FF3-83FC-4BB4-AA57-5FEEB3339960}
		{492C2FE4-91B2-4E41-9740-026227193912} = {AB0E6FF3-83FC-4BB4-AA57-5FEEB3339960}
		{05CD5B49-FF5B-4A03-BEB2-3F7822C9C95A} = {AB0E6FF3-83FC-4BB4-AA57-5FEEB3339960}
		{22D43C9C-B993-4602-9004-FB47084C66F2} = {E9D3EC24-6E06-4B3E-9593-EDEE198C8DC5}
		{C2DCBE4D-8478-426D-B218-5AEEAA75A428} = {E9D3EC24-6E06-4B3E-9593-EDEE198C8DC5}
		{7CBCC45A-1642-4092-B2D0-395E2424740E} = {E9D3EC24-6E06-4B3E-9593-EDEE198C8DC5}
		{4FF4F2AC-8B3F-48FB-B46C-22885EBC385B} = {E9D3EC24-6E06-4B3E-9593-EDEE198C8DC5}
		{104584BA-07E6-4727-8B64-C212452E5695} = {E9D3EC24-6E06-4B3E-9593-EDEE198C8DC5}
		{E8940E56-848A-49F0-B509-4D91BA8DA6D8} = {4FF3E0A6-D73C-4656-B06C-93655FADFF51}
		{24E05CCE-763A-4DD2-8803-0239A8323E5F} = {4FF3E0A6-D73C-4656-B06C-93655FADFF51}
		{4652575E-B904-4DEA-91BA-B2479A818FA1} = {4FF3E0A6-D73C-4656-B06C-93655FADFF51}
		{3C487F27-4459-4003-9A54-0D5DF0F860C5} = {4FF3E0A6-D73C-4656-B06C-93655FADFF51}
		{BD8E3D83-31D2-40F0-8586-8968C4E86D75} = {4FF3E0A6-D73C-4656-B06C-93655FADFF51}
		{06A1C744-EAA6-4BC1-BBC4-401635CAD6EC} = {4FF3E0A6-D73C-4656-B06C-93655FADFF51}
		{CC1ACCD8-2AF6-4DE1-9E46-2ACC5F6FFD35} = {4FF3E0A6-D73C-4656-B06C-93655FADFF51}
		{53A14D24-A98B-46BC-844D-013E61D31206} = {4FF3E0A6-D73C-4656-B06C-93655FADFF51}
		{CF41B62A-7DAB-46D7-ABC0-CCC950D3192A} = {4FF3E0A6-D73C-4656-B06C-93655FADFF51}
		{155ABC3B-238F-4286-BCC8-DF8761414B38} = {4FF3E0A6-D73C-4656-B06C-93655FADFF51}
		{7526A95C-E9E3-48E9-8A76-8B8178C7ADAE} = {4FF3E0A6-D73C-4656-B06C-93655FADFF51}
		{A2695079-8805-47FF-BCB1-C8152E147069} = {4FF3E0A6-D73C-4656-B06C-93655FADFF51}
	EndGlobalSection
	GlobalSection(ExtensibilityGlobals) = postSolution
		SolutionGuid = {D615E29E-D473-4710-9818-956A991DD711}
	EndGlobalSection
EndGlobal
