
Microsoft Visual Studio Solution File, Format Version 12.00
# Visual Studio 15
VisualStudioVersion = 15.0.27130.2027
MinimumVisualStudioVersion = 10.0.40219.1
Project("{9A19103F-16F7-4668-BE54-9A1E7A4F7556}") = "01.RotateArrayOfStrings", "01.RotateArrayOfStrings\01.RotateArrayOfStrings.csproj", "{D4C38583-ABFC-462D-ADB7-F596FFCAF7FD}"
EndProject
Project("{9A19103F-16F7-4668-BE54-9A1E7A4F7556}") = "02.OddNumbersAtOddPositions", "02.OddNumbersAtOddPositions\02.OddNumbersAtOddPositions.csproj", "{0ABD172C-6B90-47A9-A286-5CBDA7F9938F}"
EndProject
Project("{FAE04EC0-301F-11D3-BF4B-00C04F79EFBC}") = "03.ArrayContainsElement", "03.ArrayContainsElement\03.ArrayContainsElement.csproj", "{472B69C7-7222-4AEB-9343-E992E9038E6C}"
EndProject
Project("{FAE04EC0-301F-11D3-BF4B-00C04F79EFBC}") = "05.LargestNNumber", "05.LargestNNumber\05.LargestNNumber.csproj", "{1AE988FF-2DA5-42AA-96A9-11EDEC2B80C9}"
EndProject
Project("{FAE04EC0-301F-11D3-BF4B-00C04F79EFBC}") = "04.SortNumbers", "04.SortNumbers\04.SortNumbers.csproj", "{90353ACE-9727-427D-8C8A-A78A211F2D5D}"
EndProject
Global
	GlobalSection(SolutionConfigurationPlatforms) = preSolution
		Debug|Any CPU = Debug|Any CPU
		Release|Any CPU = Release|Any CPU
	EndGlobalSection
	GlobalSection(ProjectConfigurationPlatforms) = postSolution
		{D4C38583-ABFC-462D-ADB7-F596FFCAF7FD}.Debug|Any CPU.ActiveCfg = Debug|Any CPU
		{D4C38583-ABFC-462D-ADB7-F596FFCAF7FD}.Debug|Any CPU.Build.0 = Debug|Any CPU
		{D4C38583-ABFC-462D-ADB7-F596FFCAF7FD}.Release|Any CPU.ActiveCfg = Release|Any CPU
		{D4C38583-ABFC-462D-ADB7-F596FFCAF7FD}.Release|Any CPU.Build.0 = Release|Any CPU
		{0ABD172C-6B90-47A9-A286-5CBDA7F9938F}.Debug|Any CPU.ActiveCfg = Debug|Any CPU
		{0ABD172C-6B90-47A9-A286-5CBDA7F9938F}.Debug|Any CPU.Build.0 = Debug|Any CPU
		{0ABD172C-6B90-47A9-A286-5CBDA7F9938F}.Release|Any CPU.ActiveCfg = Release|Any CPU
		{0ABD172C-6B90-47A9-A286-5CBDA7F9938F}.Release|Any CPU.Build.0 = Release|Any CPU
		{472B69C7-7222-4AEB-9343-E992E9038E6C}.Debug|Any CPU.ActiveCfg = Debug|Any CPU
		{472B69C7-7222-4AEB-9343-E992E9038E6C}.Debug|Any CPU.Build.0 = Debug|Any CPU
		{472B69C7-7222-4AEB-9343-E992E9038E6C}.Release|Any CPU.ActiveCfg = Release|Any CPU
		{472B69C7-7222-4AEB-9343-E992E9038E6C}.Release|Any CPU.Build.0 = Release|Any CPU
		{1AE988FF-2DA5-42AA-96A9-11EDEC2B80C9}.Debug|Any CPU.ActiveCfg = Debug|Any CPU
		{1AE988FF-2DA5-42AA-96A9-11EDEC2B80C9}.Debug|Any CPU.Build.0 = Debug|Any CPU
		{1AE988FF-2DA5-42AA-96A9-11EDEC2B80C9}.Release|Any CPU.ActiveCfg = Release|Any CPU
		{1AE988FF-2DA5-42AA-96A9-11EDEC2B80C9}.Release|Any CPU.Build.0 = Release|Any CPU
		{90353ACE-9727-427D-8C8A-A78A211F2D5D}.Debug|Any CPU.ActiveCfg = Debug|Any CPU
		{90353ACE-9727-427D-8C8A-A78A211F2D5D}.Debug|Any CPU.Build.0 = Debug|Any CPU
		{90353ACE-9727-427D-8C8A-A78A211F2D5D}.Release|Any CPU.ActiveCfg = Release|Any CPU
		{90353ACE-9727-427D-8C8A-A78A211F2D5D}.Release|Any CPU.Build.0 = Release|Any CPU
	EndGlobalSection
	GlobalSection(SolutionProperties) = preSolution
		HideSolutionNode = FALSE
	EndGlobalSection
	GlobalSection(ExtensibilityGlobals) = postSolution
		SolutionGuid = {17257FDD-5BFB-4BFD-86AC-01B80EE69025}
	EndGlobalSection
EndGlobal
