
Microsoft Visual Studio Solution File, Format Version 12.00
# Visual Studio 15
VisualStudioVersion = 15.0.27130.2024
MinimumVisualStudioVersion = 10.0.40219.1
Project("{FAE04EC0-301F-11D3-BF4B-00C04F79EFBC}") = "BookLibrary", "BookLibrary\BookLibrary.csproj", "{B8D1E24A-FB60-47EA-A365-593737F92C3B}"
EndProject
Global
	GlobalSection(SolutionConfigurationPlatforms) = preSolution
		Debug|Any CPU = Debug|Any CPU
		Release|Any CPU = Release|Any CPU
	EndGlobalSection
	GlobalSection(ProjectConfigurationPlatforms) = postSolution
		{B8D1E24A-FB60-47EA-A365-593737F92C3B}.Debug|Any CPU.ActiveCfg = Debug|Any CPU
		{B8D1E24A-FB60-47EA-A365-593737F92C3B}.Debug|Any CPU.Build.0 = Debug|Any CPU
		{B8D1E24A-FB60-47EA-A365-593737F92C3B}.Release|Any CPU.ActiveCfg = Release|Any CPU
		{B8D1E24A-FB60-47EA-A365-593737F92C3B}.Release|Any CPU.Build.0 = Release|Any CPU
	EndGlobalSection
	GlobalSection(SolutionProperties) = preSolution
		HideSolutionNode = FALSE
	EndGlobalSection
	GlobalSection(ExtensibilityGlobals) = postSolution
		SolutionGuid = {B3387D2C-671B-494B-90DC-72B913C833FD}
	EndGlobalSection
EndGlobal
