
Microsoft Visual Studio Solution File, Format Version 12.00
# Visual Studio 15
VisualStudioVersion = 15.0.27130.2027
MinimumVisualStudioVersion = 10.0.40219.1
Project("{FAE04EC0-301F-11D3-BF4B-00C04F79EFBC}") = "01.AnonymousThreat", "01.AnonymousThreat\01.AnonymousThreat.csproj", "{3D635C5C-D0E4-4276-A5B7-62B848CDB225}"
EndProject
Global
	GlobalSection(SolutionConfigurationPlatforms) = preSolution
		Debug|Any CPU = Debug|Any CPU
		Release|Any CPU = Release|Any CPU
	EndGlobalSection
	GlobalSection(ProjectConfigurationPlatforms) = postSolution
		{3D635C5C-D0E4-4276-A5B7-62B848CDB225}.Debug|Any CPU.ActiveCfg = Debug|Any CPU
		{3D635C5C-D0E4-4276-A5B7-62B848CDB225}.Debug|Any CPU.Build.0 = Debug|Any CPU
		{3D635C5C-D0E4-4276-A5B7-62B848CDB225}.Release|Any CPU.ActiveCfg = Release|Any CPU
		{3D635C5C-D0E4-4276-A5B7-62B848CDB225}.Release|Any CPU.Build.0 = Release|Any CPU
	EndGlobalSection
	GlobalSection(SolutionProperties) = preSolution
		HideSolutionNode = FALSE
	EndGlobalSection
	GlobalSection(ExtensibilityGlobals) = postSolution
		SolutionGuid = {FCB2C8F8-435D-41A9-A08D-32BE9A4FD464}
	EndGlobalSection
EndGlobal
